
Microsoft Visual Studio Solution File, Format Version 12.00
# Visual Studio Version 17
VisualStudioVersion = 17.1.32414.318
MinimumVisualStudioVersion = 10.0.40219.1
Project("{9A19103F-16F7-4668-BE54-9A1E7A4F7556}") = "AntPlus", "AntPlus\AntPlus.csproj", "{EBA3A5BB-3E71-42F2-BBD6-FFF42105379E}"
EndProject
Project("{9A19103F-16F7-4668-BE54-9A1E7A4F7556}") = "AntPlus.UnitTests", "AntPlus.UnitTests\AntPlus.UnitTests.csproj", "{F0BF2083-BA18-4CD3-997E-E31AFC7211EA}"
EndProject
Project("{9A19103F-16F7-4668-BE54-9A1E7A4F7556}") = "AntRadioInterface", "AntRadioInterface\AntRadioInterface.csproj", "{DB48B2D7-3000-481A-8C7D-5265F1D91A89}"
EndProject
Project("{2150E333-8FDC-42A3-9474-1A3956D46DE8}") = "Solution Items", "Solution Items", "{6FC6656B-C7E3-4F0B-9AFF-121E31517999}"
	ProjectSection(SolutionItems) = preProject
		LICENSE.txt = LICENSE.txt
		README.md = README.md
	EndProjectSection
EndProject
Project("{7CF6DF6D-3B04-46F8-A40B-537D21BCA0B4}") = "Documentation", "Documentation\Documentation.shfbproj", "{50199F4B-CDEC-4C32-979F-2DFA639A34C3}"
	ProjectSection(ProjectDependencies) = postProject
		{DB48B2D7-3000-481A-8C7D-5265F1D91A89} = {DB48B2D7-3000-481A-8C7D-5265F1D91A89}
		{EBA3A5BB-3E71-42F2-BBD6-FFF42105379E} = {EBA3A5BB-3E71-42F2-BBD6-FFF42105379E}
	EndProjectSection
EndProject
Project("{2150E333-8FDC-42A3-9474-1A3956D46DE8}") = "Examples", "Examples", "{9B00ED0B-B099-4E6B-9228-27106DE36ABF}"
EndProject
Project("{9A19103F-16F7-4668-BE54-9A1E7A4F7556}") = "WpfUsbStickApp", "Examples\WpfUsbStickApp\WpfUsbStickApp.csproj", "{4613E881-4E42-4617-905A-4FC2204B76D4}"
EndProject
Project("{9A19103F-16F7-4668-BE54-9A1E7A4F7556}") = "AntMulticastServer", "Examples\AntMulticastServer\AntMulticastServer.csproj", "{B0B92E69-9F3C-44B4-97B5-1E7C791AD29D}"
EndProject
Project("{9A19103F-16F7-4668-BE54-9A1E7A4F7556}") = "AntUsbStick", "Examples\AntUsbStick\AntUsbStick.csproj", "{01C8E3CF-74D7-4115-82DB-DBC11E34AC39}"
EndProject
Project("{2150E333-8FDC-42A3-9474-1A3956D46DE8}") = "MAUI-gRPC", "MAUI-gRPC", "{DCD13C1B-C4BC-4B55-A425-B92256F6BEE9}"
EndProject
Project("{9A19103F-16F7-4668-BE54-9A1E7A4F7556}") = "AntGrpcShared", "Examples\MAUI-gRPC\AntGrpcShared\AntGrpcShared.csproj", "{760EBC5D-542A-4AB4-BEEA-E16E62ACB30E}"
EndProject
Project("{9A19103F-16F7-4668-BE54-9A1E7A4F7556}") = "AntGrpcService", "Examples\MAUI-gRPC\AntGrpcService\AntGrpcService.csproj", "{07EDC306-53AC-425A-B0C8-1D7FFF2F3CAE}"
EndProject
Project("{B7DD6F7E-DEF8-4E67-B5B7-07EF123DB6F0}") = "AntGrpcServicePackage", "Examples\MAUI-gRPC\AntGrpcServicePackage\AntGrpcServicePackage.wixproj", "{25927FFB-7C08-45D5-A7C2-D20C65170CDD}"
EndProject
Project("{9A19103F-16F7-4668-BE54-9A1E7A4F7556}") = "MauiAntGrpcClient", "Examples\MAUI-gRPC\MauiAntGrpcClient\MauiAntGrpcClient.csproj", "{345DB049-64E5-4C30-88FA-CCEB6E179C4B}"
EndProject
Project("{9A19103F-16F7-4668-BE54-9A1E7A4F7556}") = "Hosting", "AntPlus.Extensions.Hosting\Hosting.csproj", "{23BAEF2C-A12C-469C-89C9-1DDE65377E28}"
EndProject
Project("{2150E333-8FDC-42A3-9474-1A3956D46DE8}") = "Extensions", "Extensions", "{A9204EC0-5B4E-4AC9-ACEC-A96C5B258218}"
EndProject
Project("{FAE04EC0-301F-11D3-BF4B-00C04F79EFBC}") = "Hosting.UnitTests", "Extensions\Hosting\Hosting.UnitTests\Hosting.UnitTests.csproj", "{0810ADEC-F2FA-49FD-AC8B-8CDB9E0E9A70}"
EndProject
Global
	GlobalSection(SolutionConfigurationPlatforms) = preSolution
		Debug|Any CPU = Debug|Any CPU
		Debug|ARM64 = Debug|ARM64
		Debug|x64 = Debug|x64
		Debug|x86 = Debug|x86
		Release|Any CPU = Release|Any CPU
		Release|ARM64 = Release|ARM64
		Release|x64 = Release|x64
		Release|x86 = Release|x86
	EndGlobalSection
	GlobalSection(ProjectConfigurationPlatforms) = postSolution
		{EBA3A5BB-3E71-42F2-BBD6-FFF42105379E}.Debug|Any CPU.ActiveCfg = Debug|Any CPU
		{EBA3A5BB-3E71-42F2-BBD6-FFF42105379E}.Debug|Any CPU.Build.0 = Debug|Any CPU
		{EBA3A5BB-3E71-42F2-BBD6-FFF42105379E}.Debug|ARM64.ActiveCfg = Debug|Any CPU
		{EBA3A5BB-3E71-42F2-BBD6-FFF42105379E}.Debug|ARM64.Build.0 = Debug|Any CPU
		{EBA3A5BB-3E71-42F2-BBD6-FFF42105379E}.Debug|x64.ActiveCfg = Debug|Any CPU
		{EBA3A5BB-3E71-42F2-BBD6-FFF42105379E}.Debug|x64.Build.0 = Debug|Any CPU
		{EBA3A5BB-3E71-42F2-BBD6-FFF42105379E}.Debug|x86.ActiveCfg = Debug|Any CPU
		{EBA3A5BB-3E71-42F2-BBD6-FFF42105379E}.Debug|x86.Build.0 = Debug|Any CPU
		{EBA3A5BB-3E71-42F2-BBD6-FFF42105379E}.Release|Any CPU.ActiveCfg = Release|Any CPU
		{EBA3A5BB-3E71-42F2-BBD6-FFF42105379E}.Release|Any CPU.Build.0 = Release|Any CPU
		{EBA3A5BB-3E71-42F2-BBD6-FFF42105379E}.Release|ARM64.ActiveCfg = Release|Any CPU
		{EBA3A5BB-3E71-42F2-BBD6-FFF42105379E}.Release|ARM64.Build.0 = Release|Any CPU
		{EBA3A5BB-3E71-42F2-BBD6-FFF42105379E}.Release|x64.ActiveCfg = Release|Any CPU
		{EBA3A5BB-3E71-42F2-BBD6-FFF42105379E}.Release|x64.Build.0 = Release|Any CPU
		{EBA3A5BB-3E71-42F2-BBD6-FFF42105379E}.Release|x86.ActiveCfg = Release|Any CPU
		{EBA3A5BB-3E71-42F2-BBD6-FFF42105379E}.Release|x86.Build.0 = Release|Any CPU
		{F0BF2083-BA18-4CD3-997E-E31AFC7211EA}.Debug|Any CPU.ActiveCfg = Debug|Any CPU
		{F0BF2083-BA18-4CD3-997E-E31AFC7211EA}.Debug|Any CPU.Build.0 = Debug|Any CPU
		{F0BF2083-BA18-4CD3-997E-E31AFC7211EA}.Debug|ARM64.ActiveCfg = Debug|Any CPU
		{F0BF2083-BA18-4CD3-997E-E31AFC7211EA}.Debug|ARM64.Build.0 = Debug|Any CPU
		{F0BF2083-BA18-4CD3-997E-E31AFC7211EA}.Debug|x64.ActiveCfg = Debug|Any CPU
		{F0BF2083-BA18-4CD3-997E-E31AFC7211EA}.Debug|x64.Build.0 = Debug|Any CPU
		{F0BF2083-BA18-4CD3-997E-E31AFC7211EA}.Debug|x86.ActiveCfg = Debug|Any CPU
		{F0BF2083-BA18-4CD3-997E-E31AFC7211EA}.Debug|x86.Build.0 = Debug|Any CPU
		{F0BF2083-BA18-4CD3-997E-E31AFC7211EA}.Release|Any CPU.ActiveCfg = Release|Any CPU
		{F0BF2083-BA18-4CD3-997E-E31AFC7211EA}.Release|Any CPU.Build.0 = Release|Any CPU
		{F0BF2083-BA18-4CD3-997E-E31AFC7211EA}.Release|ARM64.ActiveCfg = Release|Any CPU
		{F0BF2083-BA18-4CD3-997E-E31AFC7211EA}.Release|ARM64.Build.0 = Release|Any CPU
		{F0BF2083-BA18-4CD3-997E-E31AFC7211EA}.Release|x64.ActiveCfg = Release|Any CPU
		{F0BF2083-BA18-4CD3-997E-E31AFC7211EA}.Release|x64.Build.0 = Release|Any CPU
		{F0BF2083-BA18-4CD3-997E-E31AFC7211EA}.Release|x86.ActiveCfg = Release|Any CPU
		{F0BF2083-BA18-4CD3-997E-E31AFC7211EA}.Release|x86.Build.0 = Release|Any CPU
		{DB48B2D7-3000-481A-8C7D-5265F1D91A89}.Debug|Any CPU.ActiveCfg = Debug|Any CPU
		{DB48B2D7-3000-481A-8C7D-5265F1D91A89}.Debug|Any CPU.Build.0 = Debug|Any CPU
		{DB48B2D7-3000-481A-8C7D-5265F1D91A89}.Debug|ARM64.ActiveCfg = Debug|Any CPU
		{DB48B2D7-3000-481A-8C7D-5265F1D91A89}.Debug|ARM64.Build.0 = Debug|Any CPU
		{DB48B2D7-3000-481A-8C7D-5265F1D91A89}.Debug|x64.ActiveCfg = Debug|Any CPU
		{DB48B2D7-3000-481A-8C7D-5265F1D91A89}.Debug|x64.Build.0 = Debug|Any CPU
		{DB48B2D7-3000-481A-8C7D-5265F1D91A89}.Debug|x86.ActiveCfg = Debug|Any CPU
		{DB48B2D7-3000-481A-8C7D-5265F1D91A89}.Debug|x86.Build.0 = Debug|Any CPU
		{DB48B2D7-3000-481A-8C7D-5265F1D91A89}.Release|Any CPU.ActiveCfg = Release|Any CPU
		{DB48B2D7-3000-481A-8C7D-5265F1D91A89}.Release|Any CPU.Build.0 = Release|Any CPU
		{DB48B2D7-3000-481A-8C7D-5265F1D91A89}.Release|ARM64.ActiveCfg = Release|Any CPU
		{DB48B2D7-3000-481A-8C7D-5265F1D91A89}.Release|ARM64.Build.0 = Release|Any CPU
		{DB48B2D7-3000-481A-8C7D-5265F1D91A89}.Release|x64.ActiveCfg = Release|Any CPU
		{DB48B2D7-3000-481A-8C7D-5265F1D91A89}.Release|x64.Build.0 = Release|Any CPU
		{DB48B2D7-3000-481A-8C7D-5265F1D91A89}.Release|x86.ActiveCfg = Release|Any CPU
		{DB48B2D7-3000-481A-8C7D-5265F1D91A89}.Release|x86.Build.0 = Release|Any CPU
		{50199F4B-CDEC-4C32-979F-2DFA639A34C3}.Debug|Any CPU.ActiveCfg = Debug|Any CPU
		{50199F4B-CDEC-4C32-979F-2DFA639A34C3}.Debug|ARM64.ActiveCfg = Debug|Any CPU
		{50199F4B-CDEC-4C32-979F-2DFA639A34C3}.Debug|ARM64.Build.0 = Debug|Any CPU
		{50199F4B-CDEC-4C32-979F-2DFA639A34C3}.Debug|x64.ActiveCfg = Debug|Any CPU
		{50199F4B-CDEC-4C32-979F-2DFA639A34C3}.Debug|x64.Build.0 = Debug|Any CPU
		{50199F4B-CDEC-4C32-979F-2DFA639A34C3}.Debug|x86.ActiveCfg = Debug|Any CPU
		{50199F4B-CDEC-4C32-979F-2DFA639A34C3}.Debug|x86.Build.0 = Debug|Any CPU
		{50199F4B-CDEC-4C32-979F-2DFA639A34C3}.Release|Any CPU.ActiveCfg = Release|Any CPU
		{50199F4B-CDEC-4C32-979F-2DFA639A34C3}.Release|ARM64.ActiveCfg = Release|Any CPU
		{50199F4B-CDEC-4C32-979F-2DFA639A34C3}.Release|ARM64.Build.0 = Release|Any CPU
		{50199F4B-CDEC-4C32-979F-2DFA639A34C3}.Release|x64.ActiveCfg = Release|Any CPU
		{50199F4B-CDEC-4C32-979F-2DFA639A34C3}.Release|x64.Build.0 = Release|Any CPU
		{50199F4B-CDEC-4C32-979F-2DFA639A34C3}.Release|x86.ActiveCfg = Release|Any CPU
		{50199F4B-CDEC-4C32-979F-2DFA639A34C3}.Release|x86.Build.0 = Release|Any CPU
		{4613E881-4E42-4617-905A-4FC2204B76D4}.Debug|Any CPU.ActiveCfg = Debug|Any CPU
		{4613E881-4E42-4617-905A-4FC2204B76D4}.Debug|Any CPU.Build.0 = Debug|Any CPU
		{4613E881-4E42-4617-905A-4FC2204B76D4}.Debug|ARM64.ActiveCfg = Debug|Any CPU
		{4613E881-4E42-4617-905A-4FC2204B76D4}.Debug|ARM64.Build.0 = Debug|Any CPU
		{4613E881-4E42-4617-905A-4FC2204B76D4}.Debug|x64.ActiveCfg = Debug|Any CPU
		{4613E881-4E42-4617-905A-4FC2204B76D4}.Debug|x64.Build.0 = Debug|Any CPU
		{4613E881-4E42-4617-905A-4FC2204B76D4}.Debug|x86.ActiveCfg = Debug|Any CPU
		{4613E881-4E42-4617-905A-4FC2204B76D4}.Debug|x86.Build.0 = Debug|Any CPU
		{4613E881-4E42-4617-905A-4FC2204B76D4}.Release|Any CPU.ActiveCfg = Release|Any CPU
		{4613E881-4E42-4617-905A-4FC2204B76D4}.Release|Any CPU.Build.0 = Release|Any CPU
		{4613E881-4E42-4617-905A-4FC2204B76D4}.Release|ARM64.ActiveCfg = Release|Any CPU
		{4613E881-4E42-4617-905A-4FC2204B76D4}.Release|ARM64.Build.0 = Release|Any CPU
		{4613E881-4E42-4617-905A-4FC2204B76D4}.Release|x64.ActiveCfg = Release|Any CPU
		{4613E881-4E42-4617-905A-4FC2204B76D4}.Release|x64.Build.0 = Release|Any CPU
		{4613E881-4E42-4617-905A-4FC2204B76D4}.Release|x86.ActiveCfg = Release|Any CPU
		{4613E881-4E42-4617-905A-4FC2204B76D4}.Release|x86.Build.0 = Release|Any CPU
		{B0B92E69-9F3C-44B4-97B5-1E7C791AD29D}.Debug|Any CPU.ActiveCfg = Debug|Any CPU
		{B0B92E69-9F3C-44B4-97B5-1E7C791AD29D}.Debug|Any CPU.Build.0 = Debug|Any CPU
		{B0B92E69-9F3C-44B4-97B5-1E7C791AD29D}.Debug|ARM64.ActiveCfg = Debug|Any CPU
		{B0B92E69-9F3C-44B4-97B5-1E7C791AD29D}.Debug|ARM64.Build.0 = Debug|Any CPU
		{B0B92E69-9F3C-44B4-97B5-1E7C791AD29D}.Debug|x64.ActiveCfg = Debug|Any CPU
		{B0B92E69-9F3C-44B4-97B5-1E7C791AD29D}.Debug|x64.Build.0 = Debug|Any CPU
		{B0B92E69-9F3C-44B4-97B5-1E7C791AD29D}.Debug|x86.ActiveCfg = Debug|Any CPU
		{B0B92E69-9F3C-44B4-97B5-1E7C791AD29D}.Debug|x86.Build.0 = Debug|Any CPU
		{B0B92E69-9F3C-44B4-97B5-1E7C791AD29D}.Release|Any CPU.ActiveCfg = Release|Any CPU
		{B0B92E69-9F3C-44B4-97B5-1E7C791AD29D}.Release|Any CPU.Build.0 = Release|Any CPU
		{B0B92E69-9F3C-44B4-97B5-1E7C791AD29D}.Release|ARM64.ActiveCfg = Release|Any CPU
		{B0B92E69-9F3C-44B4-97B5-1E7C791AD29D}.Release|ARM64.Build.0 = Release|Any CPU
		{B0B92E69-9F3C-44B4-97B5-1E7C791AD29D}.Release|x64.ActiveCfg = Release|Any CPU
		{B0B92E69-9F3C-44B4-97B5-1E7C791AD29D}.Release|x64.Build.0 = Release|Any CPU
		{B0B92E69-9F3C-44B4-97B5-1E7C791AD29D}.Release|x86.ActiveCfg = Release|Any CPU
		{B0B92E69-9F3C-44B4-97B5-1E7C791AD29D}.Release|x86.Build.0 = Release|Any CPU
		{01C8E3CF-74D7-4115-82DB-DBC11E34AC39}.Debug|Any CPU.ActiveCfg = Debug|Any CPU
		{01C8E3CF-74D7-4115-82DB-DBC11E34AC39}.Debug|Any CPU.Build.0 = Debug|Any CPU
		{01C8E3CF-74D7-4115-82DB-DBC11E34AC39}.Debug|ARM64.ActiveCfg = Debug|Any CPU
		{01C8E3CF-74D7-4115-82DB-DBC11E34AC39}.Debug|ARM64.Build.0 = Debug|Any CPU
		{01C8E3CF-74D7-4115-82DB-DBC11E34AC39}.Debug|x64.ActiveCfg = Debug|Any CPU
		{01C8E3CF-74D7-4115-82DB-DBC11E34AC39}.Debug|x64.Build.0 = Debug|Any CPU
		{01C8E3CF-74D7-4115-82DB-DBC11E34AC39}.Debug|x86.ActiveCfg = Debug|Any CPU
		{01C8E3CF-74D7-4115-82DB-DBC11E34AC39}.Debug|x86.Build.0 = Debug|Any CPU
		{01C8E3CF-74D7-4115-82DB-DBC11E34AC39}.Release|Any CPU.ActiveCfg = Release|Any CPU
		{01C8E3CF-74D7-4115-82DB-DBC11E34AC39}.Release|Any CPU.Build.0 = Release|Any CPU
		{01C8E3CF-74D7-4115-82DB-DBC11E34AC39}.Release|ARM64.ActiveCfg = Release|Any CPU
		{01C8E3CF-74D7-4115-82DB-DBC11E34AC39}.Release|ARM64.Build.0 = Release|Any CPU
		{01C8E3CF-74D7-4115-82DB-DBC11E34AC39}.Release|x64.ActiveCfg = Release|Any CPU
		{01C8E3CF-74D7-4115-82DB-DBC11E34AC39}.Release|x64.Build.0 = Release|Any CPU
		{01C8E3CF-74D7-4115-82DB-DBC11E34AC39}.Release|x86.ActiveCfg = Release|Any CPU
		{01C8E3CF-74D7-4115-82DB-DBC11E34AC39}.Release|x86.Build.0 = Release|Any CPU
		{760EBC5D-542A-4AB4-BEEA-E16E62ACB30E}.Debug|Any CPU.ActiveCfg = Debug|Any CPU
		{760EBC5D-542A-4AB4-BEEA-E16E62ACB30E}.Debug|Any CPU.Build.0 = Debug|Any CPU
		{760EBC5D-542A-4AB4-BEEA-E16E62ACB30E}.Debug|ARM64.ActiveCfg = Debug|Any CPU
		{760EBC5D-542A-4AB4-BEEA-E16E62ACB30E}.Debug|ARM64.Build.0 = Debug|Any CPU
		{760EBC5D-542A-4AB4-BEEA-E16E62ACB30E}.Debug|x64.ActiveCfg = Debug|Any CPU
		{760EBC5D-542A-4AB4-BEEA-E16E62ACB30E}.Debug|x64.Build.0 = Debug|Any CPU
		{760EBC5D-542A-4AB4-BEEA-E16E62ACB30E}.Debug|x86.ActiveCfg = Debug|Any CPU
		{760EBC5D-542A-4AB4-BEEA-E16E62ACB30E}.Debug|x86.Build.0 = Debug|Any CPU
		{760EBC5D-542A-4AB4-BEEA-E16E62ACB30E}.Release|Any CPU.ActiveCfg = Release|Any CPU
		{760EBC5D-542A-4AB4-BEEA-E16E62ACB30E}.Release|Any CPU.Build.0 = Release|Any CPU
		{760EBC5D-542A-4AB4-BEEA-E16E62ACB30E}.Release|ARM64.ActiveCfg = Release|Any CPU
		{760EBC5D-542A-4AB4-BEEA-E16E62ACB30E}.Release|ARM64.Build.0 = Release|Any CPU
		{760EBC5D-542A-4AB4-BEEA-E16E62ACB30E}.Release|x64.ActiveCfg = Release|Any CPU
		{760EBC5D-542A-4AB4-BEEA-E16E62ACB30E}.Release|x64.Build.0 = Release|Any CPU
		{760EBC5D-542A-4AB4-BEEA-E16E62ACB30E}.Release|x86.ActiveCfg = Release|Any CPU
		{760EBC5D-542A-4AB4-BEEA-E16E62ACB30E}.Release|x86.Build.0 = Release|Any CPU
		{07EDC306-53AC-425A-B0C8-1D7FFF2F3CAE}.Debug|Any CPU.ActiveCfg = Debug|Any CPU
		{07EDC306-53AC-425A-B0C8-1D7FFF2F3CAE}.Debug|Any CPU.Build.0 = Debug|Any CPU
		{07EDC306-53AC-425A-B0C8-1D7FFF2F3CAE}.Debug|ARM64.ActiveCfg = Debug|Any CPU
		{07EDC306-53AC-425A-B0C8-1D7FFF2F3CAE}.Debug|ARM64.Build.0 = Debug|Any CPU
		{07EDC306-53AC-425A-B0C8-1D7FFF2F3CAE}.Debug|x64.ActiveCfg = Debug|Any CPU
		{07EDC306-53AC-425A-B0C8-1D7FFF2F3CAE}.Debug|x64.Build.0 = Debug|Any CPU
		{07EDC306-53AC-425A-B0C8-1D7FFF2F3CAE}.Debug|x86.ActiveCfg = Debug|Any CPU
		{07EDC306-53AC-425A-B0C8-1D7FFF2F3CAE}.Debug|x86.Build.0 = Debug|Any CPU
		{07EDC306-53AC-425A-B0C8-1D7FFF2F3CAE}.Release|Any CPU.ActiveCfg = Release|Any CPU
		{07EDC306-53AC-425A-B0C8-1D7FFF2F3CAE}.Release|Any CPU.Build.0 = Release|Any CPU
		{07EDC306-53AC-425A-B0C8-1D7FFF2F3CAE}.Release|ARM64.ActiveCfg = Release|Any CPU
		{07EDC306-53AC-425A-B0C8-1D7FFF2F3CAE}.Release|ARM64.Build.0 = Release|Any CPU
		{07EDC306-53AC-425A-B0C8-1D7FFF2F3CAE}.Release|x64.ActiveCfg = Release|Any CPU
		{07EDC306-53AC-425A-B0C8-1D7FFF2F3CAE}.Release|x64.Build.0 = Release|Any CPU
		{07EDC306-53AC-425A-B0C8-1D7FFF2F3CAE}.Release|x86.ActiveCfg = Release|Any CPU
		{07EDC306-53AC-425A-B0C8-1D7FFF2F3CAE}.Release|x86.Build.0 = Release|Any CPU
		{25927FFB-7C08-45D5-A7C2-D20C65170CDD}.Debug|Any CPU.ActiveCfg = Debug|x86
		{25927FFB-7C08-45D5-A7C2-D20C65170CDD}.Debug|Any CPU.Build.0 = Debug|x86
		{25927FFB-7C08-45D5-A7C2-D20C65170CDD}.Debug|ARM64.ActiveCfg = Debug|ARM64
		{25927FFB-7C08-45D5-A7C2-D20C65170CDD}.Debug|ARM64.Build.0 = Debug|ARM64
		{25927FFB-7C08-45D5-A7C2-D20C65170CDD}.Debug|x64.ActiveCfg = Debug|x64
		{25927FFB-7C08-45D5-A7C2-D20C65170CDD}.Debug|x64.Build.0 = Debug|x64
		{25927FFB-7C08-45D5-A7C2-D20C65170CDD}.Debug|x86.ActiveCfg = Debug|x86
		{25927FFB-7C08-45D5-A7C2-D20C65170CDD}.Debug|x86.Build.0 = Debug|x86
		{25927FFB-7C08-45D5-A7C2-D20C65170CDD}.Release|Any CPU.ActiveCfg = Release|x86
		{25927FFB-7C08-45D5-A7C2-D20C65170CDD}.Release|Any CPU.Build.0 = Release|x86
		{25927FFB-7C08-45D5-A7C2-D20C65170CDD}.Release|ARM64.ActiveCfg = Release|ARM64
		{25927FFB-7C08-45D5-A7C2-D20C65170CDD}.Release|ARM64.Build.0 = Release|ARM64
		{25927FFB-7C08-45D5-A7C2-D20C65170CDD}.Release|x64.ActiveCfg = Release|x64
		{25927FFB-7C08-45D5-A7C2-D20C65170CDD}.Release|x64.Build.0 = Release|x64
		{25927FFB-7C08-45D5-A7C2-D20C65170CDD}.Release|x86.ActiveCfg = Release|x86
		{25927FFB-7C08-45D5-A7C2-D20C65170CDD}.Release|x86.Build.0 = Release|x86
		{345DB049-64E5-4C30-88FA-CCEB6E179C4B}.Debug|Any CPU.ActiveCfg = Debug|Any CPU
		{345DB049-64E5-4C30-88FA-CCEB6E179C4B}.Debug|Any CPU.Build.0 = Debug|Any CPU
		{345DB049-64E5-4C30-88FA-CCEB6E179C4B}.Debug|Any CPU.Deploy.0 = Debug|Any CPU
		{345DB049-64E5-4C30-88FA-CCEB6E179C4B}.Debug|ARM64.ActiveCfg = Debug|Any CPU
		{345DB049-64E5-4C30-88FA-CCEB6E179C4B}.Debug|ARM64.Build.0 = Debug|Any CPU
		{345DB049-64E5-4C30-88FA-CCEB6E179C4B}.Debug|ARM64.Deploy.0 = Debug|Any CPU
		{345DB049-64E5-4C30-88FA-CCEB6E179C4B}.Debug|x64.ActiveCfg = Debug|Any CPU
		{345DB049-64E5-4C30-88FA-CCEB6E179C4B}.Debug|x64.Build.0 = Debug|Any CPU
		{345DB049-64E5-4C30-88FA-CCEB6E179C4B}.Debug|x64.Deploy.0 = Debug|Any CPU
		{345DB049-64E5-4C30-88FA-CCEB6E179C4B}.Debug|x86.ActiveCfg = Debug|Any CPU
		{345DB049-64E5-4C30-88FA-CCEB6E179C4B}.Debug|x86.Build.0 = Debug|Any CPU
		{345DB049-64E5-4C30-88FA-CCEB6E179C4B}.Debug|x86.Deploy.0 = Debug|Any CPU
		{345DB049-64E5-4C30-88FA-CCEB6E179C4B}.Release|Any CPU.ActiveCfg = Release|Any CPU
		{345DB049-64E5-4C30-88FA-CCEB6E179C4B}.Release|Any CPU.Build.0 = Release|Any CPU
		{345DB049-64E5-4C30-88FA-CCEB6E179C4B}.Release|Any CPU.Deploy.0 = Release|Any CPU
		{345DB049-64E5-4C30-88FA-CCEB6E179C4B}.Release|ARM64.ActiveCfg = Release|Any CPU
		{345DB049-64E5-4C30-88FA-CCEB6E179C4B}.Release|ARM64.Build.0 = Release|Any CPU
		{345DB049-64E5-4C30-88FA-CCEB6E179C4B}.Release|ARM64.Deploy.0 = Release|Any CPU
		{345DB049-64E5-4C30-88FA-CCEB6E179C4B}.Release|x64.ActiveCfg = Release|Any CPU
		{345DB049-64E5-4C30-88FA-CCEB6E179C4B}.Release|x64.Build.0 = Release|Any CPU
		{345DB049-64E5-4C30-88FA-CCEB6E179C4B}.Release|x64.Deploy.0 = Release|Any CPU
		{345DB049-64E5-4C30-88FA-CCEB6E179C4B}.Release|x86.ActiveCfg = Release|Any CPU
		{345DB049-64E5-4C30-88FA-CCEB6E179C4B}.Release|x86.Build.0 = Release|Any CPU
		{345DB049-64E5-4C30-88FA-CCEB6E179C4B}.Release|x86.Deploy.0 = Release|Any CPU
		{23BAEF2C-A12C-469C-89C9-1DDE65377E28}.Debug|Any CPU.ActiveCfg = Debug|Any CPU
		{23BAEF2C-A12C-469C-89C9-1DDE65377E28}.Debug|Any CPU.Build.0 = Debug|Any CPU
		{23BAEF2C-A12C-469C-89C9-1DDE65377E28}.Debug|ARM64.ActiveCfg = Debug|Any CPU
		{23BAEF2C-A12C-469C-89C9-1DDE65377E28}.Debug|ARM64.Build.0 = Debug|Any CPU
		{23BAEF2C-A12C-469C-89C9-1DDE65377E28}.Debug|x64.ActiveCfg = Debug|Any CPU
		{23BAEF2C-A12C-469C-89C9-1DDE65377E28}.Debug|x64.Build.0 = Debug|Any CPU
		{23BAEF2C-A12C-469C-89C9-1DDE65377E28}.Debug|x86.ActiveCfg = Debug|Any CPU
		{23BAEF2C-A12C-469C-89C9-1DDE65377E28}.Debug|x86.Build.0 = Debug|Any CPU
		{23BAEF2C-A12C-469C-89C9-1DDE65377E28}.Release|Any CPU.ActiveCfg = Release|Any CPU
		{23BAEF2C-A12C-469C-89C9-1DDE65377E28}.Release|Any CPU.Build.0 = Release|Any CPU
		{23BAEF2C-A12C-469C-89C9-1DDE65377E28}.Release|ARM64.ActiveCfg = Release|Any CPU
		{23BAEF2C-A12C-469C-89C9-1DDE65377E28}.Release|ARM64.Build.0 = Release|Any CPU
		{23BAEF2C-A12C-469C-89C9-1DDE65377E28}.Release|x64.ActiveCfg = Release|Any CPU
		{23BAEF2C-A12C-469C-89C9-1DDE65377E28}.Release|x64.Build.0 = Release|Any CPU
		{23BAEF2C-A12C-469C-89C9-1DDE65377E28}.Release|x86.ActiveCfg = Release|Any CPU
		{23BAEF2C-A12C-469C-89C9-1DDE65377E28}.Release|x86.Build.0 = Release|Any CPU
		{0810ADEC-F2FA-49FD-AC8B-8CDB9E0E9A70}.Debug|Any CPU.ActiveCfg = Debug|Any CPU
		{0810ADEC-F2FA-49FD-AC8B-8CDB9E0E9A70}.Debug|Any CPU.Build.0 = Debug|Any CPU
		{0810ADEC-F2FA-49FD-AC8B-8CDB9E0E9A70}.Debug|ARM64.ActiveCfg = Debug|Any CPU
		{0810ADEC-F2FA-49FD-AC8B-8CDB9E0E9A70}.Debug|ARM64.Build.0 = Debug|Any CPU
		{0810ADEC-F2FA-49FD-AC8B-8CDB9E0E9A70}.Debug|x64.ActiveCfg = Debug|Any CPU
		{0810ADEC-F2FA-49FD-AC8B-8CDB9E0E9A70}.Debug|x64.Build.0 = Debug|Any CPU
		{0810ADEC-F2FA-49FD-AC8B-8CDB9E0E9A70}.Debug|x86.ActiveCfg = Debug|Any CPU
		{0810ADEC-F2FA-49FD-AC8B-8CDB9E0E9A70}.Debug|x86.Build.0 = Debug|Any CPU
		{0810ADEC-F2FA-49FD-AC8B-8CDB9E0E9A70}.Release|Any CPU.ActiveCfg = Release|Any CPU
		{0810ADEC-F2FA-49FD-AC8B-8CDB9E0E9A70}.Release|Any CPU.Build.0 = Release|Any CPU
		{0810ADEC-F2FA-49FD-AC8B-8CDB9E0E9A70}.Release|ARM64.ActiveCfg = Release|Any CPU
		{0810ADEC-F2FA-49FD-AC8B-8CDB9E0E9A70}.Release|ARM64.Build.0 = Release|Any CPU
		{0810ADEC-F2FA-49FD-AC8B-8CDB9E0E9A70}.Release|x64.ActiveCfg = Release|Any CPU
		{0810ADEC-F2FA-49FD-AC8B-8CDB9E0E9A70}.Release|x64.Build.0 = Release|Any CPU
		{0810ADEC-F2FA-49FD-AC8B-8CDB9E0E9A70}.Release|x86.ActiveCfg = Release|Any CPU
		{0810ADEC-F2FA-49FD-AC8B-8CDB9E0E9A70}.Release|x86.Build.0 = Release|Any CPU
	EndGlobalSection
	GlobalSection(SolutionProperties) = preSolution
		HideSolutionNode = FALSE
	EndGlobalSection
	GlobalSection(NestedProjects) = preSolution
		{4613E881-4E42-4617-905A-4FC2204B76D4} = {9B00ED0B-B099-4E6B-9228-27106DE36ABF}
		{B0B92E69-9F3C-44B4-97B5-1E7C791AD29D} = {9B00ED0B-B099-4E6B-9228-27106DE36ABF}
		{01C8E3CF-74D7-4115-82DB-DBC11E34AC39} = {9B00ED0B-B099-4E6B-9228-27106DE36ABF}
		{DCD13C1B-C4BC-4B55-A425-B92256F6BEE9} = {9B00ED0B-B099-4E6B-9228-27106DE36ABF}
		{760EBC5D-542A-4AB4-BEEA-E16E62ACB30E} = {DCD13C1B-C4BC-4B55-A425-B92256F6BEE9}
		{07EDC306-53AC-425A-B0C8-1D7FFF2F3CAE} = {DCD13C1B-C4BC-4B55-A425-B92256F6BEE9}
		{25927FFB-7C08-45D5-A7C2-D20C65170CDD} = {DCD13C1B-C4BC-4B55-A425-B92256F6BEE9}
		{345DB049-64E5-4C30-88FA-CCEB6E179C4B} = {DCD13C1B-C4BC-4B55-A425-B92256F6BEE9}
		{23BAEF2C-A12C-469C-89C9-1DDE65377E28} = {A9204EC0-5B4E-4AC9-ACEC-A96C5B258218}
		{0810ADEC-F2FA-49FD-AC8B-8CDB9E0E9A70} = {A9204EC0-5B4E-4AC9-ACEC-A96C5B258218}
	EndGlobalSection
	GlobalSection(ExtensibilityGlobals) = postSolution
		SolutionGuid = {5B254219-260F-4D16-9D59-77A2386597E8}
	EndGlobalSection
EndGlobal
